
Microsoft Visual Studio Solution File, Format Version 12.00
# Visual Studio Version 17
VisualStudioVersion = 17.13.35828.75 d17.13
MinimumVisualStudioVersion = 10.0.40219.1
Project("{FAE04EC0-301F-11D3-BF4B-00C04F79EFBC}") = "SlicerGame", "SlicerGame.csproj", "{72340CF1-2826-40A0-B7E9-D56AB9726323}"
EndProject
Global
	GlobalSection(SolutionConfigurationPlatforms) = preSolution
		Debug|Any CPU = Debug|Any CPU
		Release|Any CPU = Release|Any CPU
	EndGlobalSection
	GlobalSection(ProjectConfigurationPlatforms) = postSolution
		{72340CF1-2826-40A0-B7E9-D56AB9726323}.Debug|Any CPU.ActiveCfg = Debug|Any CPU
		{72340CF1-2826-40A0-B7E9-D56AB9726323}.Debug|Any CPU.Build.0 = Debug|Any CPU
		{72340CF1-2826-40A0-B7E9-D56AB9726323}.Release|Any CPU.ActiveCfg = Release|Any CPU
		{72340CF1-2826-40A0-B7E9-D56AB9726323}.Release|Any CPU.Build.0 = Release|Any CPU
	EndGlobalSection
	GlobalSection(SolutionProperties) = preSolution
		HideSolutionNode = FALSE
	EndGlobalSection
	GlobalSection(ExtensibilityGlobals) = postSolution
		SolutionGuid = {00B537C1-5219-46A7-9971-8FAAE7AF13BC}
	EndGlobalSection
EndGlobal
